
Microsoft Visual Studio Solution File, Format Version 12.00
# Visual Studio Version 16
VisualStudioVersion = 16.0.30114.105
MinimumVisualStudioVersion = 10.0.40219.1
Project("{FAE04EC0-301F-11D3-BF4B-00C04F79EFBC}") = "LoggingAndExcetion", "LoggingAndExcetion\LoggingAndExcetion.csproj", "{FEEF102A-083D-4FAF-8192-4C7475E32085}"
EndProject
Project("{FAE04EC0-301F-11D3-BF4B-00C04F79EFBC}") = "LoggerService", "LoggerService\LoggerService.csproj", "{3648362F-19BC-46A9-B13B-56F59F367EF8}"
EndProject
Global
	GlobalSection(SolutionConfigurationPlatforms) = preSolution
		Debug|Any CPU = Debug|Any CPU
		Release|Any CPU = Release|Any CPU
	EndGlobalSection
	GlobalSection(ProjectConfigurationPlatforms) = postSolution
		{FEEF102A-083D-4FAF-8192-4C7475E32085}.Debug|Any CPU.ActiveCfg = Debug|Any CPU
		{FEEF102A-083D-4FAF-8192-4C7475E32085}.Debug|Any CPU.Build.0 = Debug|Any CPU
		{FEEF102A-083D-4FAF-8192-4C7475E32085}.Release|Any CPU.ActiveCfg = Release|Any CPU
		{FEEF102A-083D-4FAF-8192-4C7475E32085}.Release|Any CPU.Build.0 = Release|Any CPU
		{3648362F-19BC-46A9-B13B-56F59F367EF8}.Debug|Any CPU.ActiveCfg = Debug|Any CPU
		{3648362F-19BC-46A9-B13B-56F59F367EF8}.Debug|Any CPU.Build.0 = Debug|Any CPU
		{3648362F-19BC-46A9-B13B-56F59F367EF8}.Release|Any CPU.ActiveCfg = Release|Any CPU
		{3648362F-19BC-46A9-B13B-56F59F367EF8}.Release|Any CPU.Build.0 = Release|Any CPU
	EndGlobalSection
	GlobalSection(SolutionProperties) = preSolution
		HideSolutionNode = FALSE
	EndGlobalSection
	GlobalSection(ExtensibilityGlobals) = postSolution
		SolutionGuid = {7A490B1E-7D98-42E3-BBC8-37614DC8D25E}
	EndGlobalSection
EndGlobal
